
Microsoft Visual Studio Solution File, Format Version 12.00
# Visual Studio Version 17
VisualStudioVersion = 17.0.32014.148
MinimumVisualStudioVersion = 10.0.40219.1
Project("{FAE04EC0-301F-11D3-BF4B-00C04F79EFBC}") = "WPF_Calculator", "WPF_Calculator.csproj", "{5653920F-36AE-4082-9B3F-5E0AF26B03E5}"
EndProject
Global
	GlobalSection(SolutionConfigurationPlatforms) = preSolution
		Debug|Any CPU = Debug|Any CPU
		Release|Any CPU = Release|Any CPU
	EndGlobalSection
	GlobalSection(ProjectConfigurationPlatforms) = postSolution
		{5653920F-36AE-4082-9B3F-5E0AF26B03E5}.Debug|Any CPU.ActiveCfg = Debug|Any CPU
		{5653920F-36AE-4082-9B3F-5E0AF26B03E5}.Debug|Any CPU.Build.0 = Debug|Any CPU
		{5653920F-36AE-4082-9B3F-5E0AF26B03E5}.Release|Any CPU.ActiveCfg = Release|Any CPU
		{5653920F-36AE-4082-9B3F-5E0AF26B03E5}.Release|Any CPU.Build.0 = Release|Any CPU
	EndGlobalSection
	GlobalSection(SolutionProperties) = preSolution
		HideSolutionNode = FALSE
	EndGlobalSection
	GlobalSection(ExtensibilityGlobals) = postSolution
		SolutionGuid = {ADA12BEC-1929-41C4-8641-732A5024178D}
	EndGlobalSection
EndGlobal
